
Microsoft Visual Studio Solution File, Format Version 12.00
# Visual Studio 2012
Project("{D954291E-2A0B-460D-934E-DC6B0785DB48}") = "SampleFormsApp", "SampleFormsApp\SampleFormsApp.shproj", "{826A4FA8-7F0B-4877-9856-6EC11ECA89F3}"
EndProject
Project("{FAE04EC0-301F-11D3-BF4B-00C04F79EFBC}") = "SampleFormsApp.iOS", "iOS\SampleFormsApp.iOS.csproj", "{2B5A0F34-4307-4F61-BA18-48F5B64986B9}"
EndProject
Project("{FAE04EC0-301F-11D3-BF4B-00C04F79EFBC}") = "SampleFormsApp.Droid", "Droid\SampleFormsApp.Droid.csproj", "{36A904BB-AF0B-4C29-B33B-D31A92476640}"
EndProject
Global
	GlobalSection(SolutionConfigurationPlatforms) = preSolution
		Debug|iPhoneSimulator = Debug|iPhoneSimulator
		Release|iPhone = Release|iPhone
		Release|iPhoneSimulator = Release|iPhoneSimulator
		Debug|iPhone = Debug|iPhone
		Debug|Any CPU = Debug|Any CPU
		Release|Any CPU = Release|Any CPU
	EndGlobalSection
	GlobalSection(ProjectConfigurationPlatforms) = postSolution
		{2B5A0F34-4307-4F61-BA18-48F5B64986B9}.Debug|iPhoneSimulator.ActiveCfg = Debug|iPhoneSimulator
		{2B5A0F34-4307-4F61-BA18-48F5B64986B9}.Debug|iPhoneSimulator.Build.0 = Debug|iPhoneSimulator
		{2B5A0F34-4307-4F61-BA18-48F5B64986B9}.Release|iPhone.ActiveCfg = Release|iPhone
		{2B5A0F34-4307-4F61-BA18-48F5B64986B9}.Release|iPhone.Build.0 = Release|iPhone
		{2B5A0F34-4307-4F61-BA18-48F5B64986B9}.Release|iPhoneSimulator.ActiveCfg = Release|iPhoneSimulator
		{2B5A0F34-4307-4F61-BA18-48F5B64986B9}.Release|iPhoneSimulator.Build.0 = Release|iPhoneSimulator
		{2B5A0F34-4307-4F61-BA18-48F5B64986B9}.Debug|iPhone.ActiveCfg = Debug|iPhone
		{2B5A0F34-4307-4F61-BA18-48F5B64986B9}.Debug|iPhone.Build.0 = Debug|iPhone
		{2B5A0F34-4307-4F61-BA18-48F5B64986B9}.Debug|Any CPU.ActiveCfg = Debug|iPhoneSimulator
		{2B5A0F34-4307-4F61-BA18-48F5B64986B9}.Debug|Any CPU.Build.0 = Debug|iPhoneSimulator
		{2B5A0F34-4307-4F61-BA18-48F5B64986B9}.Release|Any CPU.ActiveCfg = Release|iPhone
		{2B5A0F34-4307-4F61-BA18-48F5B64986B9}.Release|Any CPU.Build.0 = Release|iPhone
		{36A904BB-AF0B-4C29-B33B-D31A92476640}.Debug|iPhoneSimulator.ActiveCfg = Debug|Any CPU
		{36A904BB-AF0B-4C29-B33B-D31A92476640}.Debug|iPhoneSimulator.Build.0 = Debug|Any CPU
		{36A904BB-AF0B-4C29-B33B-D31A92476640}.Release|iPhone.ActiveCfg = Release|Any CPU
		{36A904BB-AF0B-4C29-B33B-D31A92476640}.Release|iPhone.Build.0 = Release|Any CPU
		{36A904BB-AF0B-4C29-B33B-D31A92476640}.Release|iPhoneSimulator.ActiveCfg = Release|Any CPU
		{36A904BB-AF0B-4C29-B33B-D31A92476640}.Release|iPhoneSimulator.Build.0 = Release|Any CPU
		{36A904BB-AF0B-4C29-B33B-D31A92476640}.Debug|iPhone.ActiveCfg = Debug|Any CPU
		{36A904BB-AF0B-4C29-B33B-D31A92476640}.Debug|iPhone.Build.0 = Debug|Any CPU
		{36A904BB-AF0B-4C29-B33B-D31A92476640}.Debug|Any CPU.ActiveCfg = Debug|Any CPU
		{36A904BB-AF0B-4C29-B33B-D31A92476640}.Debug|Any CPU.Build.0 = Debug|Any CPU
		{36A904BB-AF0B-4C29-B33B-D31A92476640}.Release|Any CPU.ActiveCfg = Release|Any CPU
		{36A904BB-AF0B-4C29-B33B-D31A92476640}.Release|Any CPU.Build.0 = Release|Any CPU
	EndGlobalSection
EndGlobal
